
Microsoft Visual Studio Solution File, Format Version 12.00
# Visual Studio Version 16
VisualStudioVersion = 16.0.30709.132
MinimumVisualStudioVersion = 10.0.40219.1
Project("{FAE04EC0-301F-11D3-BF4B-00C04F79EFBC}") = "TeamDynamixManagementService", "TeamDynamixManagementService\TeamDynamixManagementService.csproj", "{30E4F3D3-B6CF-4FD9-B667-E1C1FA544C2C}"
EndProject
Project("{FAE04EC0-301F-11D3-BF4B-00C04F79EFBC}") = "ActiveDirectoryManagementService", "ActiveDirectoryManagementService\ActiveDirectoryManagementService.csproj", "{331AABA0-8244-482C-A414-F9AE20C5D844}"
EndProject
Project("{FAE04EC0-301F-11D3-BF4B-00C04F79EFBC}") = "Office365LicensingManagementService", "Office365LicensingManagementService\Office365LicensingManagementService.csproj", "{9C11CC21-3099-4C02-8437-54C2210C991D}"
EndProject
Project("{FAE04EC0-301F-11D3-BF4B-00C04F79EFBC}") = "OnPremisesExchangeManagementService", "OnPremisesExchangeManagementService\OnPremisesExchangeManagementService.csproj", "{A3556562-38A2-4509-993C-5C3502EB5980}"
EndProject
Project("{FAE04EC0-301F-11D3-BF4B-00C04F79EFBC}") = "Office365ExchangeManagementService", "Office365ExchangeManagementService\Office365ExchangeManagementService.csproj", "{498062F2-0E1B-4287-A24E-3BEEE39EC836}"
EndProject
Project("{FAE04EC0-301F-11D3-BF4B-00C04F79EFBC}") = "ServiceEventLoggingManager", "ServiceEventLoggingManager\ServiceEventLoggingManager.csproj", "{227B54E9-E0B8-4C63-812F-F16EB7FC3DC2}"
EndProject
Project("{FAE04EC0-301F-11D3-BF4B-00C04F79EFBC}") = "ApplicationServicesConfigurationManagementTestSuite", "ApplicationServicesConfigurationManagementTestSuite\ApplicationServicesConfigurationManagementTestSuite.csproj", "{430254C2-4D42-4E6E-9E5F-369FA16220C0}"
EndProject
Project("{FAE04EC0-301F-11D3-BF4B-00C04F79EFBC}") = "ListmanagerManagementService", "ListmanagerManagementService\ListmanagerManagementService.csproj", "{9CC68EE6-0FB7-4164-96E9-56D002794F8E}"
EndProject
Project("{FAE04EC0-301F-11D3-BF4B-00C04F79EFBC}") = "ApplicationServicesConfigurationManagementDatabaseAccess", "ApplicationServicesConfigurationManagementDatabaseAccess\ApplicationServicesConfigurationManagementDatabaseAccess.csproj", "{780ED095-A647-4F0B-A017-2979FA487E3E}"
EndProject
Project("{FAE04EC0-301F-11D3-BF4B-00C04F79EFBC}") = "PowerShellRunspacesManager", "PowerShellRunspacesManager\PowerShellRunspacesManager.csproj", "{9CB6E7DE-B915-4730-B6F0-84804E6A00C6}"
EndProject
Project("{FAE04EC0-301F-11D3-BF4B-00C04F79EFBC}") = "ActiveDirectoryAccess", "ActiveDirectoryAccess\ActiveDirectoryAccess.csproj", "{AF53CB46-B914-43A1-86F8-C4FDCED3CD43}"
EndProject
Project("{2150E333-8FDC-42A3-9474-1A3956D46DE8}") = "ManagementServices", "ManagementServices", "{6FBB92EA-9156-4E94-8177-9E8C96C74694}"
EndProject
Project("{2150E333-8FDC-42A3-9474-1A3956D46DE8}") = "DataAccess", "DataAccess", "{90D8C6F8-8C78-4468-B236-F8F2DAF3C65A}"
EndProject
Project("{2150E333-8FDC-42A3-9474-1A3956D46DE8}") = "PowerShellAccess", "PowerShellAccess", "{0486ACAF-E9E8-4B28-8BFE-D9DA71E7A039}"
EndProject
Project("{2150E333-8FDC-42A3-9474-1A3956D46DE8}") = "Logging", "Logging", "{688537C9-B776-4F02-982E-6DC1C80B6B6A}"
EndProject
Project("{2150E333-8FDC-42A3-9474-1A3956D46DE8}") = "Testing", "Testing", "{D85BDCC6-FA5A-4A09-8706-A0171F71F393}"
EndProject
Project("{2150E333-8FDC-42A3-9474-1A3956D46DE8}") = "WebApplications", "WebApplications", "{2AF4D719-C613-42A4-9ECC-0B35E1781A72}"
EndProject
Project("{FAE04EC0-301F-11D3-BF4B-00C04F79EFBC}") = "ListServiceManagement", "ListServiceManagement\ListServiceManagement.csproj", "{497B7480-3240-49E2-9D2F-5B61433B940B}"
EndProject
Project("{FAE04EC0-301F-11D3-BF4B-00C04F79EFBC}") = "ApplicationServicesManager", "ApplicationServicesManager\ApplicationServicesManager.csproj", "{048F5DEA-40C9-4F3B-8333-724A9773E4DF}"
EndProject
Project("{FAE04EC0-301F-11D3-BF4B-00C04F79EFBC}") = "AuthenticationServices", "AuthenticationServices\AuthenticationServices.csproj", "{C410DE20-C737-4FC9-9A30-DAA8AED73ACB}"
EndProject
Project("{FAE04EC0-301F-11D3-BF4B-00C04F79EFBC}") = "TeamDynamixManagement", "TeamDynamixManagement\TeamDynamixManagement.csproj", "{3A7FA50B-6873-4DF6-9613-3D16D5DCB60E}"
EndProject
Project("{FAE04EC0-301F-11D3-BF4B-00C04F79EFBC}") = "TeamDynamixManager", "TDXManager\TeamDynamixManager.csproj", "{84D0C77C-D9B6-4BD0-8895-16CE8C53706E}"
EndProject
Project("{2150E333-8FDC-42A3-9474-1A3956D46DE8}") = "TeamDynamix", "TeamDynamix", "{0844CCD1-A422-4F76-906B-A8A88F1A877F}"
EndProject
Project("{2150E333-8FDC-42A3-9474-1A3956D46DE8}") = "ScheduledTasks", "ScheduledTasks", "{2BF1BD10-E7CE-4862-918B-A3FB630CA42D}"
EndProject
Project("{FAE04EC0-301F-11D3-BF4B-00C04F79EFBC}") = "ProvisionElistContacts", "ProvisionElistContacts\ProvisionElistContacts.csproj", "{F047D7E6-5F78-4761-8E74-743EB3556AFE}"
EndProject
Project("{FAE04EC0-301F-11D3-BF4B-00C04F79EFBC}") = "ListOwnerTransfersAutomation", "ListOwnerTransfersAutomation\ListOwnerTransfersAutomation.csproj", "{448067C3-D513-4E9A-A49C-41FEC300D93B}"
EndProject
Project("{FAE04EC0-301F-11D3-BF4B-00C04F79EFBC}") = "TDXUserCacheViewer", "TDXUserCacheViewer\TDXUserCacheViewer.csproj", "{6EB40C9F-3986-4A07-A673-D6A19F085C19}"
EndProject
Project("{FAE04EC0-301F-11D3-BF4B-00C04F79EFBC}") = "MicrosoftAzureManager", "MicrosoftAzureManager\MicrosoftAzureManager.csproj", "{F8BB7DA0-4FCC-4BFE-AAC4-8C3A10EE8F1E}"
EndProject
Project("{FAE04EC0-301F-11D3-BF4B-00C04F79EFBC}") = "CornellIdentityManagement", "CornellIdentityManagement\CornellIdentityManagement.csproj", "{021B9E4E-94CE-4CBB-A0E2-813858C89E41}"
EndProject
Project("{FAE04EC0-301F-11D3-BF4B-00C04F79EFBC}") = "Office365A3LicenseAutomation", "Office365A3LicenseAutomation\Office365A3LicenseAutomation.csproj", "{E37A6818-5329-4251-93A6-A51A128582F2}"
EndProject
Project("{FAE04EC0-301F-11D3-BF4B-00C04F79EFBC}") = "ActiveDirectoryMonitor", "ActiveDirectoryMonitor\ActiveDirectoryMonitor.csproj", "{4D913CA5-9E67-4BFB-824E-19C968916CF0}"
EndProject
Project("{FAE04EC0-301F-11D3-BF4B-00C04F79EFBC}") = "Office365AlumniAccountAutomation", "Office365AlumniExchangeAccountAutomation\Office365AlumniAccountAutomation.csproj", "{C38D583D-5560-4B09-8B62-E00B49E8F952}"
EndProject
Project("{FAE04EC0-301F-11D3-BF4B-00C04F79EFBC}") = "GoogleWorkspaceAccountAutomation", "GoogleWorkspaceAccountAutomation\GoogleWorkspaceAccountAutomation.csproj", "{D08C2E86-4072-4940-A460-9250D8D30D55}"
EndProject
Project("{FAE04EC0-301F-11D3-BF4B-00C04F79EFBC}") = "NomailRoutingAutomation", "NomailRoutingAutomation\NomailRoutingAutomation.csproj", "{2C7A599B-449B-42B1-9313-0276F855E8B3}"
EndProject
Project("{FAE04EC0-301F-11D3-BF4B-00C04F79EFBC}") = "FixUp", "FixUp\FixUp.csproj", "{8FB21392-0A89-4DEF-B3DA-A4A216D79FC2}"
EndProject
Project("{FAE04EC0-301F-11D3-BF4B-00C04F79EFBC}") = "GoogleWorkspaceQuotaGracePeriodAutomation", "GoogleWorkspaceQuotaGracePeriodAutomation\GoogleWorkspaceQuotaGracePeriodAutomation.csproj", "{75B8543E-B0F6-4828-A16D-0D7CC5691EC6}"
EndProject
Project("{FAE04EC0-301F-11D3-BF4B-00C04F79EFBC}") = "TestMicrosoftGraphManager", "TestMicrosoftGraphManager\TestMicrosoftGraphManager.csproj", "{D5FD1B9C-D82E-444B-9157-8CFA51A8EF4C}"
EndProject
Project("{FAE04EC0-301F-11D3-BF4B-00C04F79EFBC}") = "Office365SafeLinksOptOutAutomation", "Office365SafeLinksOptOutAutomation\Office365SafeLinksOptOutAutomation.csproj", "{C7AA8427-6582-4D53-A11A-D4D6351CC721}"
EndProject
Project("{FAE04EC0-301F-11D3-BF4B-00C04F79EFBC}") = "GoogleWorkspaceManager", "GoogleWorkspaceManager\GoogleWorkspaceManager.csproj", "{567BD02F-E9B1-4732-BAE7-34C5B33ADE79}"
EndProject
Project("{FAE04EC0-301F-11D3-BF4B-00C04F79EFBC}") = "GoogleWorkspaceAccountReinstatementAutomation", "GoogleWorkspaceAccountReinstatementAutomation\GoogleWorkspaceAccountReinstatementAutomation.csproj", "{CCC69732-4234-4D1E-ACD0-3E905EF04C7F}"
EndProject
Global
	GlobalSection(SolutionConfigurationPlatforms) = preSolution
		Debug|Any CPU = Debug|Any CPU
		Debug|x64 = Debug|x64
		Release|Any CPU = Release|Any CPU
		Release|x64 = Release|x64
	EndGlobalSection
	GlobalSection(ProjectConfigurationPlatforms) = postSolution
		{30E4F3D3-B6CF-4FD9-B667-E1C1FA544C2C}.Debug|Any CPU.ActiveCfg = Debug|Any CPU
		{30E4F3D3-B6CF-4FD9-B667-E1C1FA544C2C}.Debug|Any CPU.Build.0 = Debug|Any CPU
		{30E4F3D3-B6CF-4FD9-B667-E1C1FA544C2C}.Debug|x64.ActiveCfg = Debug|Any CPU
		{30E4F3D3-B6CF-4FD9-B667-E1C1FA544C2C}.Debug|x64.Build.0 = Debug|Any CPU
		{30E4F3D3-B6CF-4FD9-B667-E1C1FA544C2C}.Release|Any CPU.ActiveCfg = Release|Any CPU
		{30E4F3D3-B6CF-4FD9-B667-E1C1FA544C2C}.Release|Any CPU.Build.0 = Release|Any CPU
		{30E4F3D3-B6CF-4FD9-B667-E1C1FA544C2C}.Release|x64.ActiveCfg = Release|Any CPU
		{30E4F3D3-B6CF-4FD9-B667-E1C1FA544C2C}.Release|x64.Build.0 = Release|Any CPU
		{331AABA0-8244-482C-A414-F9AE20C5D844}.Debug|Any CPU.ActiveCfg = Debug|Any CPU
		{331AABA0-8244-482C-A414-F9AE20C5D844}.Debug|Any CPU.Build.0 = Debug|Any CPU
		{331AABA0-8244-482C-A414-F9AE20C5D844}.Debug|x64.ActiveCfg = Debug|Any CPU
		{331AABA0-8244-482C-A414-F9AE20C5D844}.Debug|x64.Build.0 = Debug|Any CPU
		{331AABA0-8244-482C-A414-F9AE20C5D844}.Release|Any CPU.ActiveCfg = Release|Any CPU
		{331AABA0-8244-482C-A414-F9AE20C5D844}.Release|Any CPU.Build.0 = Release|Any CPU
		{331AABA0-8244-482C-A414-F9AE20C5D844}.Release|x64.ActiveCfg = Release|Any CPU
		{331AABA0-8244-482C-A414-F9AE20C5D844}.Release|x64.Build.0 = Release|Any CPU
		{9C11CC21-3099-4C02-8437-54C2210C991D}.Debug|Any CPU.ActiveCfg = Debug|Any CPU
		{9C11CC21-3099-4C02-8437-54C2210C991D}.Debug|Any CPU.Build.0 = Debug|Any CPU
		{9C11CC21-3099-4C02-8437-54C2210C991D}.Debug|x64.ActiveCfg = Debug|Any CPU
		{9C11CC21-3099-4C02-8437-54C2210C991D}.Debug|x64.Build.0 = Debug|Any CPU
		{9C11CC21-3099-4C02-8437-54C2210C991D}.Release|Any CPU.ActiveCfg = Release|Any CPU
		{9C11CC21-3099-4C02-8437-54C2210C991D}.Release|Any CPU.Build.0 = Release|Any CPU
		{9C11CC21-3099-4C02-8437-54C2210C991D}.Release|x64.ActiveCfg = Release|Any CPU
		{9C11CC21-3099-4C02-8437-54C2210C991D}.Release|x64.Build.0 = Release|Any CPU
		{A3556562-38A2-4509-993C-5C3502EB5980}.Debug|Any CPU.ActiveCfg = Debug|Any CPU
		{A3556562-38A2-4509-993C-5C3502EB5980}.Debug|Any CPU.Build.0 = Debug|Any CPU
		{A3556562-38A2-4509-993C-5C3502EB5980}.Debug|x64.ActiveCfg = Debug|Any CPU
		{A3556562-38A2-4509-993C-5C3502EB5980}.Debug|x64.Build.0 = Debug|Any CPU
		{A3556562-38A2-4509-993C-5C3502EB5980}.Release|Any CPU.ActiveCfg = Release|Any CPU
		{A3556562-38A2-4509-993C-5C3502EB5980}.Release|Any CPU.Build.0 = Release|Any CPU
		{A3556562-38A2-4509-993C-5C3502EB5980}.Release|x64.ActiveCfg = Release|Any CPU
		{A3556562-38A2-4509-993C-5C3502EB5980}.Release|x64.Build.0 = Release|Any CPU
		{498062F2-0E1B-4287-A24E-3BEEE39EC836}.Debug|Any CPU.ActiveCfg = Debug|Any CPU
		{498062F2-0E1B-4287-A24E-3BEEE39EC836}.Debug|Any CPU.Build.0 = Debug|Any CPU
		{498062F2-0E1B-4287-A24E-3BEEE39EC836}.Debug|x64.ActiveCfg = Debug|Any CPU
		{498062F2-0E1B-4287-A24E-3BEEE39EC836}.Debug|x64.Build.0 = Debug|Any CPU
		{498062F2-0E1B-4287-A24E-3BEEE39EC836}.Release|Any CPU.ActiveCfg = Release|Any CPU
		{498062F2-0E1B-4287-A24E-3BEEE39EC836}.Release|Any CPU.Build.0 = Release|Any CPU
		{498062F2-0E1B-4287-A24E-3BEEE39EC836}.Release|x64.ActiveCfg = Release|Any CPU
		{498062F2-0E1B-4287-A24E-3BEEE39EC836}.Release|x64.Build.0 = Release|Any CPU
		{227B54E9-E0B8-4C63-812F-F16EB7FC3DC2}.Debug|Any CPU.ActiveCfg = Debug|Any CPU
		{227B54E9-E0B8-4C63-812F-F16EB7FC3DC2}.Debug|Any CPU.Build.0 = Debug|Any CPU
		{227B54E9-E0B8-4C63-812F-F16EB7FC3DC2}.Debug|x64.ActiveCfg = Debug|Any CPU
		{227B54E9-E0B8-4C63-812F-F16EB7FC3DC2}.Debug|x64.Build.0 = Debug|Any CPU
		{227B54E9-E0B8-4C63-812F-F16EB7FC3DC2}.Release|Any CPU.ActiveCfg = Release|Any CPU
		{227B54E9-E0B8-4C63-812F-F16EB7FC3DC2}.Release|Any CPU.Build.0 = Release|Any CPU
		{227B54E9-E0B8-4C63-812F-F16EB7FC3DC2}.Release|x64.ActiveCfg = Release|Any CPU
		{227B54E9-E0B8-4C63-812F-F16EB7FC3DC2}.Release|x64.Build.0 = Release|Any CPU
		{430254C2-4D42-4E6E-9E5F-369FA16220C0}.Debug|Any CPU.ActiveCfg = Debug|Any CPU
		{430254C2-4D42-4E6E-9E5F-369FA16220C0}.Debug|Any CPU.Build.0 = Debug|Any CPU
		{430254C2-4D42-4E6E-9E5F-369FA16220C0}.Debug|x64.ActiveCfg = Debug|Any CPU
		{430254C2-4D42-4E6E-9E5F-369FA16220C0}.Debug|x64.Build.0 = Debug|Any CPU
		{430254C2-4D42-4E6E-9E5F-369FA16220C0}.Release|Any CPU.ActiveCfg = Release|Any CPU
		{430254C2-4D42-4E6E-9E5F-369FA16220C0}.Release|Any CPU.Build.0 = Release|Any CPU
		{430254C2-4D42-4E6E-9E5F-369FA16220C0}.Release|x64.ActiveCfg = Release|Any CPU
		{430254C2-4D42-4E6E-9E5F-369FA16220C0}.Release|x64.Build.0 = Release|Any CPU
		{9CC68EE6-0FB7-4164-96E9-56D002794F8E}.Debug|Any CPU.ActiveCfg = Debug|Any CPU
		{9CC68EE6-0FB7-4164-96E9-56D002794F8E}.Debug|Any CPU.Build.0 = Debug|Any CPU
		{9CC68EE6-0FB7-4164-96E9-56D002794F8E}.Debug|x64.ActiveCfg = Debug|Any CPU
		{9CC68EE6-0FB7-4164-96E9-56D002794F8E}.Debug|x64.Build.0 = Debug|Any CPU
		{9CC68EE6-0FB7-4164-96E9-56D002794F8E}.Release|Any CPU.ActiveCfg = Release|Any CPU
		{9CC68EE6-0FB7-4164-96E9-56D002794F8E}.Release|Any CPU.Build.0 = Release|Any CPU
		{9CC68EE6-0FB7-4164-96E9-56D002794F8E}.Release|x64.ActiveCfg = Release|Any CPU
		{9CC68EE6-0FB7-4164-96E9-56D002794F8E}.Release|x64.Build.0 = Release|Any CPU
		{780ED095-A647-4F0B-A017-2979FA487E3E}.Debug|Any CPU.ActiveCfg = Debug|Any CPU
		{780ED095-A647-4F0B-A017-2979FA487E3E}.Debug|Any CPU.Build.0 = Debug|Any CPU
		{780ED095-A647-4F0B-A017-2979FA487E3E}.Debug|x64.ActiveCfg = Debug|Any CPU
		{780ED095-A647-4F0B-A017-2979FA487E3E}.Debug|x64.Build.0 = Debug|Any CPU
		{780ED095-A647-4F0B-A017-2979FA487E3E}.Release|Any CPU.ActiveCfg = Release|Any CPU
		{780ED095-A647-4F0B-A017-2979FA487E3E}.Release|Any CPU.Build.0 = Release|Any CPU
		{780ED095-A647-4F0B-A017-2979FA487E3E}.Release|x64.ActiveCfg = Release|Any CPU
		{780ED095-A647-4F0B-A017-2979FA487E3E}.Release|x64.Build.0 = Release|Any CPU
		{9CB6E7DE-B915-4730-B6F0-84804E6A00C6}.Debug|Any CPU.ActiveCfg = Debug|Any CPU
		{9CB6E7DE-B915-4730-B6F0-84804E6A00C6}.Debug|Any CPU.Build.0 = Debug|Any CPU
		{9CB6E7DE-B915-4730-B6F0-84804E6A00C6}.Debug|x64.ActiveCfg = Debug|Any CPU
		{9CB6E7DE-B915-4730-B6F0-84804E6A00C6}.Debug|x64.Build.0 = Debug|Any CPU
		{9CB6E7DE-B915-4730-B6F0-84804E6A00C6}.Release|Any CPU.ActiveCfg = Release|Any CPU
		{9CB6E7DE-B915-4730-B6F0-84804E6A00C6}.Release|Any CPU.Build.0 = Release|Any CPU
		{9CB6E7DE-B915-4730-B6F0-84804E6A00C6}.Release|x64.ActiveCfg = Release|x64
		{9CB6E7DE-B915-4730-B6F0-84804E6A00C6}.Release|x64.Build.0 = Release|x64
		{AF53CB46-B914-43A1-86F8-C4FDCED3CD43}.Debug|Any CPU.ActiveCfg = Debug|Any CPU
		{AF53CB46-B914-43A1-86F8-C4FDCED3CD43}.Debug|Any CPU.Build.0 = Debug|Any CPU
		{AF53CB46-B914-43A1-86F8-C4FDCED3CD43}.Debug|x64.ActiveCfg = Debug|Any CPU
		{AF53CB46-B914-43A1-86F8-C4FDCED3CD43}.Debug|x64.Build.0 = Debug|Any CPU
		{AF53CB46-B914-43A1-86F8-C4FDCED3CD43}.Release|Any CPU.ActiveCfg = Release|Any CPU
		{AF53CB46-B914-43A1-86F8-C4FDCED3CD43}.Release|Any CPU.Build.0 = Release|Any CPU
		{AF53CB46-B914-43A1-86F8-C4FDCED3CD43}.Release|x64.ActiveCfg = Release|Any CPU
		{AF53CB46-B914-43A1-86F8-C4FDCED3CD43}.Release|x64.Build.0 = Release|Any CPU
		{497B7480-3240-49E2-9D2F-5B61433B940B}.Debug|Any CPU.ActiveCfg = Debug|Any CPU
		{497B7480-3240-49E2-9D2F-5B61433B940B}.Debug|Any CPU.Build.0 = Debug|Any CPU
		{497B7480-3240-49E2-9D2F-5B61433B940B}.Debug|x64.ActiveCfg = Debug|Any CPU
		{497B7480-3240-49E2-9D2F-5B61433B940B}.Debug|x64.Build.0 = Debug|Any CPU
		{497B7480-3240-49E2-9D2F-5B61433B940B}.Release|Any CPU.ActiveCfg = Release|Any CPU
		{497B7480-3240-49E2-9D2F-5B61433B940B}.Release|Any CPU.Build.0 = Release|Any CPU
		{497B7480-3240-49E2-9D2F-5B61433B940B}.Release|x64.ActiveCfg = Release|Any CPU
		{497B7480-3240-49E2-9D2F-5B61433B940B}.Release|x64.Build.0 = Release|Any CPU
		{048F5DEA-40C9-4F3B-8333-724A9773E4DF}.Debug|Any CPU.ActiveCfg = Debug|Any CPU
		{048F5DEA-40C9-4F3B-8333-724A9773E4DF}.Debug|Any CPU.Build.0 = Debug|Any CPU
		{048F5DEA-40C9-4F3B-8333-724A9773E4DF}.Debug|x64.ActiveCfg = Debug|Any CPU
		{048F5DEA-40C9-4F3B-8333-724A9773E4DF}.Debug|x64.Build.0 = Debug|Any CPU
		{048F5DEA-40C9-4F3B-8333-724A9773E4DF}.Release|Any CPU.ActiveCfg = Release|Any CPU
		{048F5DEA-40C9-4F3B-8333-724A9773E4DF}.Release|Any CPU.Build.0 = Release|Any CPU
		{048F5DEA-40C9-4F3B-8333-724A9773E4DF}.Release|x64.ActiveCfg = Release|Any CPU
		{048F5DEA-40C9-4F3B-8333-724A9773E4DF}.Release|x64.Build.0 = Release|Any CPU
		{C410DE20-C737-4FC9-9A30-DAA8AED73ACB}.Debug|Any CPU.ActiveCfg = Debug|Any CPU
		{C410DE20-C737-4FC9-9A30-DAA8AED73ACB}.Debug|Any CPU.Build.0 = Debug|Any CPU
		{C410DE20-C737-4FC9-9A30-DAA8AED73ACB}.Debug|x64.ActiveCfg = Debug|Any CPU
		{C410DE20-C737-4FC9-9A30-DAA8AED73ACB}.Debug|x64.Build.0 = Debug|Any CPU
		{C410DE20-C737-4FC9-9A30-DAA8AED73ACB}.Release|Any CPU.ActiveCfg = Release|Any CPU
		{C410DE20-C737-4FC9-9A30-DAA8AED73ACB}.Release|Any CPU.Build.0 = Release|Any CPU
		{C410DE20-C737-4FC9-9A30-DAA8AED73ACB}.Release|x64.ActiveCfg = Release|Any CPU
		{C410DE20-C737-4FC9-9A30-DAA8AED73ACB}.Release|x64.Build.0 = Release|Any CPU
		{3A7FA50B-6873-4DF6-9613-3D16D5DCB60E}.Debug|Any CPU.ActiveCfg = Debug|Any CPU
		{3A7FA50B-6873-4DF6-9613-3D16D5DCB60E}.Debug|Any CPU.Build.0 = Debug|Any CPU
		{3A7FA50B-6873-4DF6-9613-3D16D5DCB60E}.Debug|x64.ActiveCfg = Debug|Any CPU
		{3A7FA50B-6873-4DF6-9613-3D16D5DCB60E}.Debug|x64.Build.0 = Debug|Any CPU
		{3A7FA50B-6873-4DF6-9613-3D16D5DCB60E}.Release|Any CPU.ActiveCfg = Release|Any CPU
		{3A7FA50B-6873-4DF6-9613-3D16D5DCB60E}.Release|Any CPU.Build.0 = Release|Any CPU
		{3A7FA50B-6873-4DF6-9613-3D16D5DCB60E}.Release|x64.ActiveCfg = Release|Any CPU
		{3A7FA50B-6873-4DF6-9613-3D16D5DCB60E}.Release|x64.Build.0 = Release|Any CPU
		{84D0C77C-D9B6-4BD0-8895-16CE8C53706E}.Debug|Any CPU.ActiveCfg = Debug|Any CPU
		{84D0C77C-D9B6-4BD0-8895-16CE8C53706E}.Debug|Any CPU.Build.0 = Debug|Any CPU
		{84D0C77C-D9B6-4BD0-8895-16CE8C53706E}.Debug|x64.ActiveCfg = Debug|Any CPU
		{84D0C77C-D9B6-4BD0-8895-16CE8C53706E}.Debug|x64.Build.0 = Debug|Any CPU
		{84D0C77C-D9B6-4BD0-8895-16CE8C53706E}.Release|Any CPU.ActiveCfg = Release|Any CPU
		{84D0C77C-D9B6-4BD0-8895-16CE8C53706E}.Release|Any CPU.Build.0 = Release|Any CPU
		{84D0C77C-D9B6-4BD0-8895-16CE8C53706E}.Release|x64.ActiveCfg = Release|Any CPU
		{84D0C77C-D9B6-4BD0-8895-16CE8C53706E}.Release|x64.Build.0 = Release|Any CPU
		{F047D7E6-5F78-4761-8E74-743EB3556AFE}.Debug|Any CPU.ActiveCfg = Debug|Any CPU
		{F047D7E6-5F78-4761-8E74-743EB3556AFE}.Debug|Any CPU.Build.0 = Debug|Any CPU
		{F047D7E6-5F78-4761-8E74-743EB3556AFE}.Debug|x64.ActiveCfg = Debug|Any CPU
		{F047D7E6-5F78-4761-8E74-743EB3556AFE}.Debug|x64.Build.0 = Debug|Any CPU
		{F047D7E6-5F78-4761-8E74-743EB3556AFE}.Release|Any CPU.ActiveCfg = Release|Any CPU
		{F047D7E6-5F78-4761-8E74-743EB3556AFE}.Release|Any CPU.Build.0 = Release|Any CPU
		{F047D7E6-5F78-4761-8E74-743EB3556AFE}.Release|x64.ActiveCfg = Release|Any CPU
		{F047D7E6-5F78-4761-8E74-743EB3556AFE}.Release|x64.Build.0 = Release|Any CPU
		{448067C3-D513-4E9A-A49C-41FEC300D93B}.Debug|Any CPU.ActiveCfg = Debug|Any CPU
		{448067C3-D513-4E9A-A49C-41FEC300D93B}.Debug|Any CPU.Build.0 = Debug|Any CPU
		{448067C3-D513-4E9A-A49C-41FEC300D93B}.Debug|x64.ActiveCfg = Debug|Any CPU
		{448067C3-D513-4E9A-A49C-41FEC300D93B}.Debug|x64.Build.0 = Debug|Any CPU
		{448067C3-D513-4E9A-A49C-41FEC300D93B}.Release|Any CPU.ActiveCfg = Release|Any CPU
		{448067C3-D513-4E9A-A49C-41FEC300D93B}.Release|Any CPU.Build.0 = Release|Any CPU
		{448067C3-D513-4E9A-A49C-41FEC300D93B}.Release|x64.ActiveCfg = Release|Any CPU
		{448067C3-D513-4E9A-A49C-41FEC300D93B}.Release|x64.Build.0 = Release|Any CPU
		{6EB40C9F-3986-4A07-A673-D6A19F085C19}.Debug|Any CPU.ActiveCfg = Debug|Any CPU
		{6EB40C9F-3986-4A07-A673-D6A19F085C19}.Debug|Any CPU.Build.0 = Debug|Any CPU
		{6EB40C9F-3986-4A07-A673-D6A19F085C19}.Debug|x64.ActiveCfg = Debug|Any CPU
		{6EB40C9F-3986-4A07-A673-D6A19F085C19}.Debug|x64.Build.0 = Debug|Any CPU
		{6EB40C9F-3986-4A07-A673-D6A19F085C19}.Release|Any CPU.ActiveCfg = Release|Any CPU
		{6EB40C9F-3986-4A07-A673-D6A19F085C19}.Release|Any CPU.Build.0 = Release|Any CPU
		{6EB40C9F-3986-4A07-A673-D6A19F085C19}.Release|x64.ActiveCfg = Release|Any CPU
		{6EB40C9F-3986-4A07-A673-D6A19F085C19}.Release|x64.Build.0 = Release|Any CPU
		{F8BB7DA0-4FCC-4BFE-AAC4-8C3A10EE8F1E}.Debug|Any CPU.ActiveCfg = Debug|Any CPU
		{F8BB7DA0-4FCC-4BFE-AAC4-8C3A10EE8F1E}.Debug|Any CPU.Build.0 = Debug|Any CPU
		{F8BB7DA0-4FCC-4BFE-AAC4-8C3A10EE8F1E}.Debug|x64.ActiveCfg = Debug|Any CPU
		{F8BB7DA0-4FCC-4BFE-AAC4-8C3A10EE8F1E}.Debug|x64.Build.0 = Debug|Any CPU
		{F8BB7DA0-4FCC-4BFE-AAC4-8C3A10EE8F1E}.Release|Any CPU.ActiveCfg = Release|Any CPU
		{F8BB7DA0-4FCC-4BFE-AAC4-8C3A10EE8F1E}.Release|Any CPU.Build.0 = Release|Any CPU
		{F8BB7DA0-4FCC-4BFE-AAC4-8C3A10EE8F1E}.Release|x64.ActiveCfg = Release|Any CPU
		{F8BB7DA0-4FCC-4BFE-AAC4-8C3A10EE8F1E}.Release|x64.Build.0 = Release|Any CPU
		{021B9E4E-94CE-4CBB-A0E2-813858C89E41}.Debug|Any CPU.ActiveCfg = Debug|Any CPU
		{021B9E4E-94CE-4CBB-A0E2-813858C89E41}.Debug|Any CPU.Build.0 = Debug|Any CPU
		{021B9E4E-94CE-4CBB-A0E2-813858C89E41}.Debug|x64.ActiveCfg = Debug|Any CPU
		{021B9E4E-94CE-4CBB-A0E2-813858C89E41}.Debug|x64.Build.0 = Debug|Any CPU
		{021B9E4E-94CE-4CBB-A0E2-813858C89E41}.Release|Any CPU.ActiveCfg = Release|Any CPU
		{021B9E4E-94CE-4CBB-A0E2-813858C89E41}.Release|Any CPU.Build.0 = Release|Any CPU
		{021B9E4E-94CE-4CBB-A0E2-813858C89E41}.Release|x64.ActiveCfg = Release|Any CPU
		{021B9E4E-94CE-4CBB-A0E2-813858C89E41}.Release|x64.Build.0 = Release|Any CPU
		{E37A6818-5329-4251-93A6-A51A128582F2}.Debug|Any CPU.ActiveCfg = Debug|Any CPU
		{E37A6818-5329-4251-93A6-A51A128582F2}.Debug|Any CPU.Build.0 = Debug|Any CPU
		{E37A6818-5329-4251-93A6-A51A128582F2}.Debug|x64.ActiveCfg = Debug|Any CPU
		{E37A6818-5329-4251-93A6-A51A128582F2}.Debug|x64.Build.0 = Debug|Any CPU
		{E37A6818-5329-4251-93A6-A51A128582F2}.Release|Any CPU.ActiveCfg = Release|Any CPU
		{E37A6818-5329-4251-93A6-A51A128582F2}.Release|Any CPU.Build.0 = Release|Any CPU
		{E37A6818-5329-4251-93A6-A51A128582F2}.Release|x64.ActiveCfg = Release|Any CPU
		{E37A6818-5329-4251-93A6-A51A128582F2}.Release|x64.Build.0 = Release|Any CPU
		{4D913CA5-9E67-4BFB-824E-19C968916CF0}.Debug|Any CPU.ActiveCfg = Debug|Any CPU
		{4D913CA5-9E67-4BFB-824E-19C968916CF0}.Debug|Any CPU.Build.0 = Debug|Any CPU
		{4D913CA5-9E67-4BFB-824E-19C968916CF0}.Debug|x64.ActiveCfg = Debug|Any CPU
		{4D913CA5-9E67-4BFB-824E-19C968916CF0}.Debug|x64.Build.0 = Debug|Any CPU
		{4D913CA5-9E67-4BFB-824E-19C968916CF0}.Release|Any CPU.ActiveCfg = Release|Any CPU
		{4D913CA5-9E67-4BFB-824E-19C968916CF0}.Release|Any CPU.Build.0 = Release|Any CPU
		{4D913CA5-9E67-4BFB-824E-19C968916CF0}.Release|x64.ActiveCfg = Release|Any CPU
		{4D913CA5-9E67-4BFB-824E-19C968916CF0}.Release|x64.Build.0 = Release|Any CPU
		{C38D583D-5560-4B09-8B62-E00B49E8F952}.Debug|Any CPU.ActiveCfg = Debug|Any CPU
		{C38D583D-5560-4B09-8B62-E00B49E8F952}.Debug|Any CPU.Build.0 = Debug|Any CPU
		{C38D583D-5560-4B09-8B62-E00B49E8F952}.Debug|x64.ActiveCfg = Debug|Any CPU
		{C38D583D-5560-4B09-8B62-E00B49E8F952}.Debug|x64.Build.0 = Debug|Any CPU
		{C38D583D-5560-4B09-8B62-E00B49E8F952}.Release|Any CPU.ActiveCfg = Release|Any CPU
		{C38D583D-5560-4B09-8B62-E00B49E8F952}.Release|Any CPU.Build.0 = Release|Any CPU
		{C38D583D-5560-4B09-8B62-E00B49E8F952}.Release|x64.ActiveCfg = Release|Any CPU
		{C38D583D-5560-4B09-8B62-E00B49E8F952}.Release|x64.Build.0 = Release|Any CPU
		{D08C2E86-4072-4940-A460-9250D8D30D55}.Debug|Any CPU.ActiveCfg = Debug|Any CPU
		{D08C2E86-4072-4940-A460-9250D8D30D55}.Debug|Any CPU.Build.0 = Debug|Any CPU
		{D08C2E86-4072-4940-A460-9250D8D30D55}.Debug|x64.ActiveCfg = Debug|Any CPU
		{D08C2E86-4072-4940-A460-9250D8D30D55}.Debug|x64.Build.0 = Debug|Any CPU
		{D08C2E86-4072-4940-A460-9250D8D30D55}.Release|Any CPU.ActiveCfg = Release|Any CPU
		{D08C2E86-4072-4940-A460-9250D8D30D55}.Release|Any CPU.Build.0 = Release|Any CPU
		{D08C2E86-4072-4940-A460-9250D8D30D55}.Release|x64.ActiveCfg = Release|Any CPU
		{D08C2E86-4072-4940-A460-9250D8D30D55}.Release|x64.Build.0 = Release|Any CPU
		{2C7A599B-449B-42B1-9313-0276F855E8B3}.Debug|Any CPU.ActiveCfg = Debug|Any CPU
		{2C7A599B-449B-42B1-9313-0276F855E8B3}.Debug|Any CPU.Build.0 = Debug|Any CPU
		{2C7A599B-449B-42B1-9313-0276F855E8B3}.Debug|x64.ActiveCfg = Debug|Any CPU
		{2C7A599B-449B-42B1-9313-0276F855E8B3}.Debug|x64.Build.0 = Debug|Any CPU
		{2C7A599B-449B-42B1-9313-0276F855E8B3}.Release|Any CPU.ActiveCfg = Release|Any CPU
		{2C7A599B-449B-42B1-9313-0276F855E8B3}.Release|Any CPU.Build.0 = Release|Any CPU
		{2C7A599B-449B-42B1-9313-0276F855E8B3}.Release|x64.ActiveCfg = Release|Any CPU
		{2C7A599B-449B-42B1-9313-0276F855E8B3}.Release|x64.Build.0 = Release|Any CPU
		{8FB21392-0A89-4DEF-B3DA-A4A216D79FC2}.Debug|Any CPU.ActiveCfg = Debug|Any CPU
		{8FB21392-0A89-4DEF-B3DA-A4A216D79FC2}.Debug|Any CPU.Build.0 = Debug|Any CPU
		{8FB21392-0A89-4DEF-B3DA-A4A216D79FC2}.Debug|x64.ActiveCfg = Debug|Any CPU
		{8FB21392-0A89-4DEF-B3DA-A4A216D79FC2}.Debug|x64.Build.0 = Debug|Any CPU
		{8FB21392-0A89-4DEF-B3DA-A4A216D79FC2}.Release|Any CPU.ActiveCfg = Release|Any CPU
		{8FB21392-0A89-4DEF-B3DA-A4A216D79FC2}.Release|Any CPU.Build.0 = Release|Any CPU
		{8FB21392-0A89-4DEF-B3DA-A4A216D79FC2}.Release|x64.ActiveCfg = Release|Any CPU
		{8FB21392-0A89-4DEF-B3DA-A4A216D79FC2}.Release|x64.Build.0 = Release|Any CPU
		{75B8543E-B0F6-4828-A16D-0D7CC5691EC6}.Debug|Any CPU.ActiveCfg = Debug|Any CPU
		{75B8543E-B0F6-4828-A16D-0D7CC5691EC6}.Debug|Any CPU.Build.0 = Debug|Any CPU
		{75B8543E-B0F6-4828-A16D-0D7CC5691EC6}.Debug|x64.ActiveCfg = Debug|Any CPU
		{75B8543E-B0F6-4828-A16D-0D7CC5691EC6}.Debug|x64.Build.0 = Debug|Any CPU
		{75B8543E-B0F6-4828-A16D-0D7CC5691EC6}.Release|Any CPU.ActiveCfg = Release|Any CPU
		{75B8543E-B0F6-4828-A16D-0D7CC5691EC6}.Release|Any CPU.Build.0 = Release|Any CPU
		{75B8543E-B0F6-4828-A16D-0D7CC5691EC6}.Release|x64.ActiveCfg = Release|Any CPU
		{75B8543E-B0F6-4828-A16D-0D7CC5691EC6}.Release|x64.Build.0 = Release|Any CPU
		{D5FD1B9C-D82E-444B-9157-8CFA51A8EF4C}.Debug|Any CPU.ActiveCfg = Debug|Any CPU
		{D5FD1B9C-D82E-444B-9157-8CFA51A8EF4C}.Debug|Any CPU.Build.0 = Debug|Any CPU
		{D5FD1B9C-D82E-444B-9157-8CFA51A8EF4C}.Debug|x64.ActiveCfg = Debug|Any CPU
		{D5FD1B9C-D82E-444B-9157-8CFA51A8EF4C}.Debug|x64.Build.0 = Debug|Any CPU
		{D5FD1B9C-D82E-444B-9157-8CFA51A8EF4C}.Release|Any CPU.ActiveCfg = Release|Any CPU
		{D5FD1B9C-D82E-444B-9157-8CFA51A8EF4C}.Release|Any CPU.Build.0 = Release|Any CPU
		{D5FD1B9C-D82E-444B-9157-8CFA51A8EF4C}.Release|x64.ActiveCfg = Release|Any CPU
		{D5FD1B9C-D82E-444B-9157-8CFA51A8EF4C}.Release|x64.Build.0 = Release|Any CPU
		{C7AA8427-6582-4D53-A11A-D4D6351CC721}.Debug|Any CPU.ActiveCfg = Debug|Any CPU
		{C7AA8427-6582-4D53-A11A-D4D6351CC721}.Debug|Any CPU.Build.0 = Debug|Any CPU
		{C7AA8427-6582-4D53-A11A-D4D6351CC721}.Debug|x64.ActiveCfg = Debug|Any CPU
		{C7AA8427-6582-4D53-A11A-D4D6351CC721}.Debug|x64.Build.0 = Debug|Any CPU
		{C7AA8427-6582-4D53-A11A-D4D6351CC721}.Release|Any CPU.ActiveCfg = Release|Any CPU
		{C7AA8427-6582-4D53-A11A-D4D6351CC721}.Release|Any CPU.Build.0 = Release|Any CPU
		{C7AA8427-6582-4D53-A11A-D4D6351CC721}.Release|x64.ActiveCfg = Release|Any CPU
		{C7AA8427-6582-4D53-A11A-D4D6351CC721}.Release|x64.Build.0 = Release|Any CPU
		{567BD02F-E9B1-4732-BAE7-34C5B33ADE79}.Debug|Any CPU.ActiveCfg = Debug|Any CPU
		{567BD02F-E9B1-4732-BAE7-34C5B33ADE79}.Debug|Any CPU.Build.0 = Debug|Any CPU
		{567BD02F-E9B1-4732-BAE7-34C5B33ADE79}.Debug|x64.ActiveCfg = Debug|Any CPU
		{567BD02F-E9B1-4732-BAE7-34C5B33ADE79}.Debug|x64.Build.0 = Debug|Any CPU
		{567BD02F-E9B1-4732-BAE7-34C5B33ADE79}.Release|Any CPU.ActiveCfg = Release|Any CPU
		{567BD02F-E9B1-4732-BAE7-34C5B33ADE79}.Release|Any CPU.Build.0 = Release|Any CPU
		{567BD02F-E9B1-4732-BAE7-34C5B33ADE79}.Release|x64.ActiveCfg = Release|Any CPU
		{567BD02F-E9B1-4732-BAE7-34C5B33ADE79}.Release|x64.Build.0 = Release|Any CPU
		{CCC69732-4234-4D1E-ACD0-3E905EF04C7F}.Debug|Any CPU.ActiveCfg = Debug|Any CPU
		{CCC69732-4234-4D1E-ACD0-3E905EF04C7F}.Debug|Any CPU.Build.0 = Debug|Any CPU
		{CCC69732-4234-4D1E-ACD0-3E905EF04C7F}.Debug|x64.ActiveCfg = Debug|Any CPU
		{CCC69732-4234-4D1E-ACD0-3E905EF04C7F}.Debug|x64.Build.0 = Debug|Any CPU
		{CCC69732-4234-4D1E-ACD0-3E905EF04C7F}.Release|Any CPU.ActiveCfg = Release|Any CPU
		{CCC69732-4234-4D1E-ACD0-3E905EF04C7F}.Release|Any CPU.Build.0 = Release|Any CPU
		{CCC69732-4234-4D1E-ACD0-3E905EF04C7F}.Release|x64.ActiveCfg = Release|Any CPU
		{CCC69732-4234-4D1E-ACD0-3E905EF04C7F}.Release|x64.Build.0 = Release|Any CPU
	EndGlobalSection
	GlobalSection(SolutionProperties) = preSolution
		HideSolutionNode = FALSE
	EndGlobalSection
	GlobalSection(NestedProjects) = preSolution
		{30E4F3D3-B6CF-4FD9-B667-E1C1FA544C2C} = {6FBB92EA-9156-4E94-8177-9E8C96C74694}
		{331AABA0-8244-482C-A414-F9AE20C5D844} = {6FBB92EA-9156-4E94-8177-9E8C96C74694}
		{9C11CC21-3099-4C02-8437-54C2210C991D} = {6FBB92EA-9156-4E94-8177-9E8C96C74694}
		{A3556562-38A2-4509-993C-5C3502EB5980} = {6FBB92EA-9156-4E94-8177-9E8C96C74694}
		{498062F2-0E1B-4287-A24E-3BEEE39EC836} = {6FBB92EA-9156-4E94-8177-9E8C96C74694}
		{227B54E9-E0B8-4C63-812F-F16EB7FC3DC2} = {688537C9-B776-4F02-982E-6DC1C80B6B6A}
		{430254C2-4D42-4E6E-9E5F-369FA16220C0} = {D85BDCC6-FA5A-4A09-8706-A0171F71F393}
		{9CC68EE6-0FB7-4164-96E9-56D002794F8E} = {6FBB92EA-9156-4E94-8177-9E8C96C74694}
		{780ED095-A647-4F0B-A017-2979FA487E3E} = {90D8C6F8-8C78-4468-B236-F8F2DAF3C65A}
		{9CB6E7DE-B915-4730-B6F0-84804E6A00C6} = {0486ACAF-E9E8-4B28-8BFE-D9DA71E7A039}
		{AF53CB46-B914-43A1-86F8-C4FDCED3CD43} = {90D8C6F8-8C78-4468-B236-F8F2DAF3C65A}
		{497B7480-3240-49E2-9D2F-5B61433B940B} = {2AF4D719-C613-42A4-9ECC-0B35E1781A72}
		{048F5DEA-40C9-4F3B-8333-724A9773E4DF} = {2AF4D719-C613-42A4-9ECC-0B35E1781A72}
		{C410DE20-C737-4FC9-9A30-DAA8AED73ACB} = {2AF4D719-C613-42A4-9ECC-0B35E1781A72}
		{3A7FA50B-6873-4DF6-9613-3D16D5DCB60E} = {2AF4D719-C613-42A4-9ECC-0B35E1781A72}
		{84D0C77C-D9B6-4BD0-8895-16CE8C53706E} = {0844CCD1-A422-4F76-906B-A8A88F1A877F}
		{F047D7E6-5F78-4761-8E74-743EB3556AFE} = {2BF1BD10-E7CE-4862-918B-A3FB630CA42D}
		{448067C3-D513-4E9A-A49C-41FEC300D93B} = {2BF1BD10-E7CE-4862-918B-A3FB630CA42D}
		{6EB40C9F-3986-4A07-A673-D6A19F085C19} = {D85BDCC6-FA5A-4A09-8706-A0171F71F393}
		{F8BB7DA0-4FCC-4BFE-AAC4-8C3A10EE8F1E} = {6FBB92EA-9156-4E94-8177-9E8C96C74694}
		{021B9E4E-94CE-4CBB-A0E2-813858C89E41} = {6FBB92EA-9156-4E94-8177-9E8C96C74694}
		{E37A6818-5329-4251-93A6-A51A128582F2} = {2BF1BD10-E7CE-4862-918B-A3FB630CA42D}
		{4D913CA5-9E67-4BFB-824E-19C968916CF0} = {2AF4D719-C613-42A4-9ECC-0B35E1781A72}
		{C38D583D-5560-4B09-8B62-E00B49E8F952} = {2BF1BD10-E7CE-4862-918B-A3FB630CA42D}
		{D08C2E86-4072-4940-A460-9250D8D30D55} = {2BF1BD10-E7CE-4862-918B-A3FB630CA42D}
		{2C7A599B-449B-42B1-9313-0276F855E8B3} = {2BF1BD10-E7CE-4862-918B-A3FB630CA42D}
		{8FB21392-0A89-4DEF-B3DA-A4A216D79FC2} = {D85BDCC6-FA5A-4A09-8706-A0171F71F393}
		{75B8543E-B0F6-4828-A16D-0D7CC5691EC6} = {2BF1BD10-E7CE-4862-918B-A3FB630CA42D}
		{D5FD1B9C-D82E-444B-9157-8CFA51A8EF4C} = {D85BDCC6-FA5A-4A09-8706-A0171F71F393}
		{C7AA8427-6582-4D53-A11A-D4D6351CC721} = {2BF1BD10-E7CE-4862-918B-A3FB630CA42D}
		{567BD02F-E9B1-4732-BAE7-34C5B33ADE79} = {6FBB92EA-9156-4E94-8177-9E8C96C74694}
		{CCC69732-4234-4D1E-ACD0-3E905EF04C7F} = {2BF1BD10-E7CE-4862-918B-A3FB630CA42D}
	EndGlobalSection
	GlobalSection(ExtensibilityGlobals) = postSolution
		SolutionGuid = {D674A524-3B40-404D-9C5A-0F0246579204}
	EndGlobalSection
EndGlobal
